
Microsoft Visual Studio Solution File, Format Version 12.00
# Visual Studio Version 17
VisualStudioVersion = 17.5.33516.290
MinimumVisualStudioVersion = 10.0.40219.1
Project("{8BC9CEB8-8B4A-11D0-8D11-00A0C91BC942}") = "projet_cpp_av", "projet_cpp_av\projet_cpp_av.vcxproj", "{C970FEB5-E57D-4C6D-8D1B-B100D887BB4C}"
EndProject
Global
	GlobalSection(SolutionConfigurationPlatforms) = preSolution
		Debug|x64 = Debug|x64
		Debug|x86 = Debug|x86
		Release|x64 = Release|x64
		Release|x86 = Release|x86
	EndGlobalSection
	GlobalSection(ProjectConfigurationPlatforms) = postSolution
		{C970FEB5-E57D-4C6D-8D1B-B100D887BB4C}.Debug|x64.ActiveCfg = Debug|x64
		{C970FEB5-E57D-4C6D-8D1B-B100D887BB4C}.Debug|x64.Build.0 = Debug|x64
		{C970FEB5-E57D-4C6D-8D1B-B100D887BB4C}.Debug|x86.ActiveCfg = Debug|Win32
		{C970FEB5-E57D-4C6D-8D1B-B100D887BB4C}.Debug|x86.Build.0 = Debug|Win32
		{C970FEB5-E57D-4C6D-8D1B-B100D887BB4C}.Release|x64.ActiveCfg = Release|x64
		{C970FEB5-E57D-4C6D-8D1B-B100D887BB4C}.Release|x64.Build.0 = Release|x64
		{C970FEB5-E57D-4C6D-8D1B-B100D887BB4C}.Release|x86.ActiveCfg = Release|Win32
		{C970FEB5-E57D-4C6D-8D1B-B100D887BB4C}.Release|x86.Build.0 = Release|Win32
	EndGlobalSection
	GlobalSection(SolutionProperties) = preSolution
		HideSolutionNode = FALSE
	EndGlobalSection
	GlobalSection(ExtensibilityGlobals) = postSolution
		SolutionGuid = {508401AB-1C89-451F-A697-ED58100598A4}
	EndGlobalSection
EndGlobal
